// !$*UTF8*$!
{
	archiveVersion = 1;
	classes = {
	};
	objectVersion = 46;
	objects = {

/* Begin PBXBuildFile section */
		A01A24281BE171F900B20A17 /* ModeView.m in Sources */ = {isa = PBXBuildFile; fileRef = A01A24271BE171F900B20A17 /* ModeView.m */; };
		A01A242B1BE174C600B20A17 /* AppearanceView.m in Sources */ = {isa = PBXBuildFile; fileRef = A01A242A1BE174C600B20A17 /* AppearanceView.m */; };
		A01C90401BD0C5D2003B8204 /* CalculatorLine.m in Sources */ = {isa = PBXBuildFile; fileRef = A01C903F1BD0C5D2003B8204 /* CalculatorLine.m */; };
		A01C90431BD0CCEB003B8204 /* CustomTextField.m in Sources */ = {isa = PBXBuildFile; fileRef = A01C90421BD0CCEB003B8204 /* CustomTextField.m */; };
		A0713B641BDAAECA00EE456A /* GraphingView.m in Sources */ = {isa = PBXBuildFile; fileRef = A0713B631BDAAECA00EE456A /* GraphingView.m */; };
		A0713B671BDADB1200EE456A /* ColorSwatch.m in Sources */ = {isa = PBXBuildFile; fileRef = A0713B661BDADB1200EE456A /* ColorSwatch.m */; };
		A08258231BD2B4DE00B05C8C /* CalculatorAlertView.m in Sources */ = {isa = PBXBuildFile; fileRef = A08258221BD2B4DE00B05C8C /* CalculatorAlertView.m */; };
		A0A1C77E1CA9D3EC006A3C5A /* WindowManager.m in Sources */ = {isa = PBXBuildFile; fileRef = A0A1C77D1CA9D3EC006A3C5A /* WindowManager.m */; };
		A0A1C7851CA9D45A006A3C5A /* FunctionBounds.m in Sources */ = {isa = PBXBuildFile; fileRef = A0A1C7841CA9D45A006A3C5A /* FunctionBounds.m */; };
		A0A1C7881CA9D51C006A3C5A /* PolarBounds.m in Sources */ = {isa = PBXBuildFile; fileRef = A0A1C7871CA9D51C006A3C5A /* PolarBounds.m */; };
		A0AA4BA01BDB605F00D199BC /* ConstantsTableViewController.m in Sources */ = {isa = PBXBuildFile; fileRef = A0AA4B9F1BDB605F00D199BC /* ConstantsTableViewController.m */; };
		A0DA2F7F1C0BAC100000903F /* SettingsTableViewController.m in Sources */ = {isa = PBXBuildFile; fileRef = A0DA2F7E1C0BAC100000903F /* SettingsTableViewController.m */; };
		A0DA2F851C0BB4230000903F /* AboutViewController.m in Sources */ = {isa = PBXBuildFile; fileRef = A0DA2F841C0BB4230000903F /* AboutViewController.m */; };
		A0E1810A1BDAEB380073599B /* LinePreview.m in Sources */ = {isa = PBXBuildFile; fileRef = A0E181091BDAEB380073599B /* LinePreview.m */; };
		A0E509311BD1D7A4005E1314 /* Calculator.m in Sources */ = {isa = PBXBuildFile; fileRef = A0E509301BD1D7A4005E1314 /* Calculator.m */; };
		A0F28FFB1BBB61A900F4157F /* main.m in Sources */ = {isa = PBXBuildFile; fileRef = A0F28FFA1BBB61A900F4157F /* main.m */; };
		A0F28FFE1BBB61A900F4157F /* AppDelegate.m in Sources */ = {isa = PBXBuildFile; fileRef = A0F28FFD1BBB61A900F4157F /* AppDelegate.m */; };
		A0F290011BBB61A900F4157F /* ViewController.m in Sources */ = {isa = PBXBuildFile; fileRef = A0F290001BBB61A900F4157F /* ViewController.m */; };
		A0F290041BBB61A900F4157F /* Main.storyboard in Resources */ = {isa = PBXBuildFile; fileRef = A0F290021BBB61A900F4157F /* Main.storyboard */; };
		A0F290071BBB61A900F4157F /* Calculator_Pro.xcdatamodeld in Sources */ = {isa = PBXBuildFile; fileRef = A0F290051BBB61A900F4157F /* Calculator_Pro.xcdatamodeld */; };
		A0F290091BBB61A900F4157F /* Assets.xcassets in Resources */ = {isa = PBXBuildFile; fileRef = A0F290081BBB61A900F4157F /* Assets.xcassets */; };
		A0F2900C1BBB61A900F4157F /* LaunchScreen.storyboard in Resources */ = {isa = PBXBuildFile; fileRef = A0F2900A1BBB61A900F4157F /* LaunchScreen.storyboard */; };
		A0F290171BBB61A900F4157F /* Calculator_ProTests.m in Sources */ = {isa = PBXBuildFile; fileRef = A0F290161BBB61A900F4157F /* Calculator_ProTests.m */; };
		A0F290221BBB61A900F4157F /* Calculator_ProUITests.m in Sources */ = {isa = PBXBuildFile; fileRef = A0F290211BBB61A900F4157F /* Calculator_ProUITests.m */; };
		A0F290311BBB631E00F4157F /* CalculatorButton.m in Sources */ = {isa = PBXBuildFile; fileRef = A0F290301BBB631E00F4157F /* CalculatorButton.m */; };
/* End PBXBuildFile section */

/* Begin PBXContainerItemProxy section */
		A0F290131BBB61A900F4157F /* PBXContainerItemProxy */ = {
			isa = PBXContainerItemProxy;
			containerPortal = A0F28FEE1BBB61A900F4157F /* Project object */;
			proxyType = 1;
			remoteGlobalIDString = A0F28FF51BBB61A900F4157F;
			remoteInfo = "Calculator Pro";
		};
		A0F2901E1BBB61A900F4157F /* PBXContainerItemProxy */ = {
			isa = PBXContainerItemProxy;
			containerPortal = A0F28FEE1BBB61A900F4157F /* Project object */;
			proxyType = 1;
			remoteGlobalIDString = A0F28FF51BBB61A900F4157F;
			remoteInfo = "Calculator Pro";
		};
/* End PBXContainerItemProxy section */

/* Begin PBXFileReference section */
		A01A24261BE171F900B20A17 /* ModeView.h */ = {isa = PBXFileReference; fileEncoding = 4; lastKnownFileType = sourcecode.c.h; path = ModeView.h; sourceTree = "<group>"; };
		A01A24271BE171F900B20A17 /* ModeView.m */ = {isa = PBXFileReference; fileEncoding = 4; lastKnownFileType = sourcecode.c.objc; path = ModeView.m; sourceTree = "<group>"; };
		A01A24291BE174C600B20A17 /* AppearanceView.h */ = {isa = PBXFileReference; fileEncoding = 4; lastKnownFileType = sourcecode.c.h; path = AppearanceView.h; sourceTree = "<group>"; };
		A01A242A1BE174C600B20A17 /* AppearanceView.m */ = {isa = PBXFileReference; fileEncoding = 4; lastKnownFileType = sourcecode.c.objc; path = AppearanceView.m; sourceTree = "<group>"; };
		A01C903E1BD0C5D2003B8204 /* CalculatorLine.h */ = {isa = PBXFileReference; fileEncoding = 4; lastKnownFileType = sourcecode.c.h; path = CalculatorLine.h; sourceTree = "<group>"; };
		A01C903F1BD0C5D2003B8204 /* CalculatorLine.m */ = {isa = PBXFileReference; fileEncoding = 4; lastKnownFileType = sourcecode.c.objc; path = CalculatorLine.m; sourceTree = "<group>"; };
		A01C90411BD0CCEB003B8204 /* CustomTextField.h */ = {isa = PBXFileReference; fileEncoding = 4; lastKnownFileType = sourcecode.c.h; path = CustomTextField.h; sourceTree = "<group>"; };
		A01C90421BD0CCEB003B8204 /* CustomTextField.m */ = {isa = PBXFileReference; fileEncoding = 4; lastKnownFileType = sourcecode.c.objc; path = CustomTextField.m; sourceTree = "<group>"; };
		A0713B621BDAAECA00EE456A /* GraphingView.h */ = {isa = PBXFileReference; fileEncoding = 4; lastKnownFileType = sourcecode.c.h; path = GraphingView.h; sourceTree = "<group>"; };
		A0713B631BDAAECA00EE456A /* GraphingView.m */ = {isa = PBXFileReference; fileEncoding = 4; lastKnownFileType = sourcecode.c.objc; path = GraphingView.m; sourceTree = "<group>"; };
		A0713B651BDADB1200EE456A /* ColorSwatch.h */ = {isa = PBXFileReference; fileEncoding = 4; lastKnownFileType = sourcecode.c.h; path = ColorSwatch.h; sourceTree = "<group>"; };
		A0713B661BDADB1200EE456A /* ColorSwatch.m */ = {isa = PBXFileReference; fileEncoding = 4; lastKnownFileType = sourcecode.c.objc; path = ColorSwatch.m; sourceTree = "<group>"; };
		A08258211BD2B4DE00B05C8C /* CalculatorAlertView.h */ = {isa = PBXFileReference; fileEncoding = 4; lastKnownFileType = sourcecode.c.h; path = CalculatorAlertView.h; sourceTree = "<group>"; };
		A08258221BD2B4DE00B05C8C /* CalculatorAlertView.m */ = {isa = PBXFileReference; fileEncoding = 4; lastKnownFileType = sourcecode.c.objc; path = CalculatorAlertView.m; sourceTree = "<group>"; };
		A0A1C77C1CA9D3EC006A3C5A /* WindowManager.h */ = {isa = PBXFileReference; fileEncoding = 4; lastKnownFileType = sourcecode.c.h; path = WindowManager.h; sourceTree = "<group>"; };
		A0A1C77D1CA9D3EC006A3C5A /* WindowManager.m */ = {isa = PBXFileReference; fileEncoding = 4; lastKnownFileType = sourcecode.c.objc; path = WindowManager.m; sourceTree = "<group>"; };
		A0A1C7831CA9D45A006A3C5A /* FunctionBounds.h */ = {isa = PBXFileReference; fileEncoding = 4; lastKnownFileType = sourcecode.c.h; path = FunctionBounds.h; sourceTree = "<group>"; };
		A0A1C7841CA9D45A006A3C5A /* FunctionBounds.m */ = {isa = PBXFileReference; fileEncoding = 4; lastKnownFileType = sourcecode.c.objc; path = FunctionBounds.m; sourceTree = "<group>"; };
		A0A1C7861CA9D51C006A3C5A /* PolarBounds.h */ = {isa = PBXFileReference; fileEncoding = 4; lastKnownFileType = sourcecode.c.h; path = PolarBounds.h; sourceTree = "<group>"; };
		A0A1C7871CA9D51C006A3C5A /* PolarBounds.m */ = {isa = PBXFileReference; fileEncoding = 4; lastKnownFileType = sourcecode.c.objc; path = PolarBounds.m; sourceTree = "<group>"; };
		A0AA4B9E1BDB605F00D199BC /* ConstantsTableViewController.h */ = {isa = PBXFileReference; fileEncoding = 4; lastKnownFileType = sourcecode.c.h; path = ConstantsTableViewController.h; sourceTree = "<group>"; };
		A0AA4B9F1BDB605F00D199BC /* ConstantsTableViewController.m */ = {isa = PBXFileReference; fileEncoding = 4; lastKnownFileType = sourcecode.c.objc; path = ConstantsTableViewController.m; sourceTree = "<group>"; };
		A0DA2F7D1C0BAC100000903F /* SettingsTableViewController.h */ = {isa = PBXFileReference; fileEncoding = 4; lastKnownFileType = sourcecode.c.h; path = SettingsTableViewController.h; sourceTree = "<group>"; };
		A0DA2F7E1C0BAC100000903F /* SettingsTableViewController.m */ = {isa = PBXFileReference; fileEncoding = 4; lastKnownFileType = sourcecode.c.objc; path = SettingsTableViewController.m; sourceTree = "<group>"; };
		A0DA2F831C0BB4230000903F /* AboutViewController.h */ = {isa = PBXFileReference; fileEncoding = 4; lastKnownFileType = sourcecode.c.h; path = AboutViewController.h; sourceTree = "<group>"; };
		A0DA2F841C0BB4230000903F /* AboutViewController.m */ = {isa = PBXFileReference; fileEncoding = 4; lastKnownFileType = sourcecode.c.objc; path = AboutViewController.m; sourceTree = "<group>"; };
		A0E181081BDAEB380073599B /* LinePreview.h */ = {isa = PBXFileReference; fileEncoding = 4; lastKnownFileType = sourcecode.c.h; path = LinePreview.h; sourceTree = "<group>"; };
		A0E181091BDAEB380073599B /* LinePreview.m */ = {isa = PBXFileReference; fileEncoding = 4; lastKnownFileType = sourcecode.c.objc; path = LinePreview.m; sourceTree = "<group>"; };
		A0E5092F1BD1D7A4005E1314 /* Calculator.h */ = {isa = PBXFileReference; fileEncoding = 4; lastKnownFileType = sourcecode.c.h; path = Calculator.h; sourceTree = "<group>"; };
		A0E509301BD1D7A4005E1314 /* Calculator.m */ = {isa = PBXFileReference; fileEncoding = 4; lastKnownFileType = sourcecode.c.objc; path = Calculator.m; sourceTree = "<group>"; };
		A0F28FF61BBB61A900F4157F /* Calculator Pro.app */ = {isa = PBXFileReference; explicitFileType = wrapper.application; includeInIndex = 0; path = "Calculator Pro.app"; sourceTree = BUILT_PRODUCTS_DIR; };
		A0F28FFA1BBB61A900F4157F /* main.m */ = {isa = PBXFileReference; lastKnownFileType = sourcecode.c.objc; path = main.m; sourceTree = "<group>"; };
		A0F28FFC1BBB61A900F4157F /* AppDelegate.h */ = {isa = PBXFileReference; lastKnownFileType = sourcecode.c.h; path = AppDelegate.h; sourceTree = "<group>"; };
		A0F28FFD1BBB61A900F4157F /* AppDelegate.m */ = {isa = PBXFileReference; lastKnownFileType = sourcecode.c.objc; path = AppDelegate.m; sourceTree = "<group>"; };
		A0F28FFF1BBB61A900F4157F /* ViewController.h */ = {isa = PBXFileReference; lastKnownFileType = sourcecode.c.h; path = ViewController.h; sourceTree = "<group>"; };
		A0F290001BBB61A900F4157F /* ViewController.m */ = {isa = PBXFileReference; lastKnownFileType = sourcecode.c.objc; path = ViewController.m; sourceTree = "<group>"; };
		A0F290031BBB61A900F4157F /* Base */ = {isa = PBXFileReference; lastKnownFileType = file.storyboard; name = Base; path = Base.lproj/Main.storyboard; sourceTree = "<group>"; };
		A0F290061BBB61A900F4157F /* Calculator_Pro.xcdatamodel */ = {isa = PBXFileReference; lastKnownFileType = wrapper.xcdatamodel; path = Calculator_Pro.xcdatamodel; sourceTree = "<group>"; };
		A0F290081BBB61A900F4157F /* Assets.xcassets */ = {isa = PBXFileReference; lastKnownFileType = folder.assetcatalog; path = Assets.xcassets; sourceTree = "<group>"; };
		A0F2900B1BBB61A900F4157F /* Base */ = {isa = PBXFileReference; lastKnownFileType = file.storyboard; name = Base; path = Base.lproj/LaunchScreen.storyboard; sourceTree = "<group>"; };
		A0F2900D1BBB61A900F4157F /* Info.plist */ = {isa = PBXFileReference; lastKnownFileType = text.plist.xml; path = Info.plist; sourceTree = "<group>"; };
		A0F290121BBB61A900F4157F /* Calculator ProTests.xctest */ = {isa = PBXFileReference; explicitFileType = wrapper.cfbundle; includeInIndex = 0; path = "Calculator ProTests.xctest"; sourceTree = BUILT_PRODUCTS_DIR; };
		A0F290161BBB61A900F4157F /* Calculator_ProTests.m */ = {isa = PBXFileReference; lastKnownFileType = sourcecode.c.objc; path = Calculator_ProTests.m; sourceTree = "<group>"; };
		A0F290181BBB61A900F4157F /* Info.plist */ = {isa = PBXFileReference; lastKnownFileType = text.plist.xml; path = Info.plist; sourceTree = "<group>"; };
		A0F2901D1BBB61A900F4157F /* Calculator ProUITests.xctest */ = {isa = PBXFileReference; explicitFileType = wrapper.cfbundle; includeInIndex = 0; path = "Calculator ProUITests.xctest"; sourceTree = BUILT_PRODUCTS_DIR; };
		A0F290211BBB61A900F4157F /* Calculator_ProUITests.m */ = {isa = PBXFileReference; lastKnownFileType = sourcecode.c.objc; path = Calculator_ProUITests.m; sourceTree = "<group>"; };
		A0F290231BBB61A900F4157F /* Info.plist */ = {isa = PBXFileReference; lastKnownFileType = text.plist.xml; path = Info.plist; sourceTree = "<group>"; };
		A0F2902F1BBB631E00F4157F /* CalculatorButton.h */ = {isa = PBXFileReference; fileEncoding = 4; lastKnownFileType = sourcecode.c.h; path = CalculatorButton.h; sourceTree = "<group>"; };
		A0F290301BBB631E00F4157F /* CalculatorButton.m */ = {isa = PBXFileReference; fileEncoding = 4; lastKnownFileType = sourcecode.c.objc; path = CalculatorButton.m; sourceTree = "<group>"; };
/* End PBXFileReference section */

/* Begin PBXFrameworksBuildPhase section */
		A0F28FF31BBB61A900F4157F /* Frameworks */ = {
			isa = PBXFrameworksBuildPhase;
			buildActionMask = 2147483647;
			files = (
			);
			runOnlyForDeploymentPostprocessing = 0;
		};
		A0F2900F1BBB61A900F4157F /* Frameworks */ = {
			isa = PBXFrameworksBuildPhase;
			buildActionMask = 2147483647;
			files = (
			);
			runOnlyForDeploymentPostprocessing = 0;
		};
		A0F2901A1BBB61A900F4157F /* Frameworks */ = {
			isa = PBXFrameworksBuildPhase;
			buildActionMask = 2147483647;
			files = (
			);
			runOnlyForDeploymentPostprocessing = 0;
		};
/* End PBXFrameworksBuildPhase section */

/* Begin PBXGroup section */
		A01A242C1BE189ED00B20A17 /* Alert Views */ = {
			isa = PBXGroup;
			children = (
				A01A24261BE171F900B20A17 /* ModeView.h */,
				A01A24271BE171F900B20A17 /* ModeView.m */,
				A01A24291BE174C600B20A17 /* AppearanceView.h */,
				A01A242A1BE174C600B20A17 /* AppearanceView.m */,
			);
			name = "Alert Views";
			sourceTree = "<group>";
		};
		A0A1C7821CA9D43A006A3C5A /* WindowManager */ = {
			isa = PBXGroup;
			children = (
				A0A1C77C1CA9D3EC006A3C5A /* WindowManager.h */,
				A0A1C77D1CA9D3EC006A3C5A /* WindowManager.m */,
				A0A1C7831CA9D45A006A3C5A /* FunctionBounds.h */,
				A0A1C7841CA9D45A006A3C5A /* FunctionBounds.m */,
				A0A1C7861CA9D51C006A3C5A /* PolarBounds.h */,
				A0A1C7871CA9D51C006A3C5A /* PolarBounds.m */,
			);
			name = WindowManager;
			sourceTree = "<group>";
		};
		A0F28FED1BBB61A900F4157F = {
			isa = PBXGroup;
			children = (
				A0F28FF81BBB61A900F4157F /* Calculator Pro */,
				A0F290151BBB61A900F4157F /* Calculator ProTests */,
				A0F290201BBB61A900F4157F /* Calculator ProUITests */,
				A0F28FF71BBB61A900F4157F /* Products */,
			);
			sourceTree = "<group>";
		};
		A0F28FF71BBB61A900F4157F /* Products */ = {
			isa = PBXGroup;
			children = (
				A0F28FF61BBB61A900F4157F /* Calculator Pro.app */,
				A0F290121BBB61A900F4157F /* Calculator ProTests.xctest */,
				A0F2901D1BBB61A900F4157F /* Calculator ProUITests.xctest */,
			);
			name = Products;
			sourceTree = "<group>";
		};
		A0F28FF81BBB61A900F4157F /* Calculator Pro */ = {
			isa = PBXGroup;
			children = (
				A0F28FFC1BBB61A900F4157F /* AppDelegate.h */,
				A0F28FFD1BBB61A900F4157F /* AppDelegate.m */,
				A0F28FFF1BBB61A900F4157F /* ViewController.h */,
				A0F290001BBB61A900F4157F /* ViewController.m */,
				A08258211BD2B4DE00B05C8C /* CalculatorAlertView.h */,
				A08258221BD2B4DE00B05C8C /* CalculatorAlertView.m */,
				A01A242C1BE189ED00B20A17 /* Alert Views */,
				A0A1C7821CA9D43A006A3C5A /* WindowManager */,
				A0E5092F1BD1D7A4005E1314 /* Calculator.h */,
				A0E509301BD1D7A4005E1314 /* Calculator.m */,
				A01C903E1BD0C5D2003B8204 /* CalculatorLine.h */,
				A01C903F1BD0C5D2003B8204 /* CalculatorLine.m */,
				A01C90411BD0CCEB003B8204 /* CustomTextField.h */,
				A01C90421BD0CCEB003B8204 /* CustomTextField.m */,
				A0F2902F1BBB631E00F4157F /* CalculatorButton.h */,
				A0F290301BBB631E00F4157F /* CalculatorButton.m */,
				A0AA4B9E1BDB605F00D199BC /* ConstantsTableViewController.h */,
				A0AA4B9F1BDB605F00D199BC /* ConstantsTableViewController.m */,
				A0713B621BDAAECA00EE456A /* GraphingView.h */,
				A0713B631BDAAECA00EE456A /* GraphingView.m */,
				A0E181081BDAEB380073599B /* LinePreview.h */,
				A0E181091BDAEB380073599B /* LinePreview.m */,
				A0713B651BDADB1200EE456A /* ColorSwatch.h */,
				A0713B661BDADB1200EE456A /* ColorSwatch.m */,
				A0DA2F7D1C0BAC100000903F /* SettingsTableViewController.h */,
				A0DA2F7E1C0BAC100000903F /* SettingsTableViewController.m */,
				A0DA2F831C0BB4230000903F /* AboutViewController.h */,
				A0DA2F841C0BB4230000903F /* AboutViewController.m */,
				A0F290021BBB61A900F4157F /* Main.storyboard */,
				A0F290081BBB61A900F4157F /* Assets.xcassets */,
				A0F2900A1BBB61A900F4157F /* LaunchScreen.storyboard */,
				A0F2900D1BBB61A900F4157F /* Info.plist */,
				A0F290051BBB61A900F4157F /* Calculator_Pro.xcdatamodeld */,
				A0F28FF91BBB61A900F4157F /* Supporting Files */,
			);
			path = "Calculator Pro";
			sourceTree = "<group>";
		};
		A0F28FF91BBB61A900F4157F /* Supporting Files */ = {
			isa = PBXGroup;
			children = (
				A0F28FFA1BBB61A900F4157F /* main.m */,
			);
			name = "Supporting Files";
			sourceTree = "<group>";
		};
		A0F290151BBB61A900F4157F /* Calculator ProTests */ = {
			isa = PBXGroup;
			children = (
				A0F290161BBB61A900F4157F /* Calculator_ProTests.m */,
				A0F290181BBB61A900F4157F /* Info.plist */,
			);
			path = "Calculator ProTests";
			sourceTree = "<group>";
		};
		A0F290201BBB61A900F4157F /* Calculator ProUITests */ = {
			isa = PBXGroup;
			children = (
				A0F290211BBB61A900F4157F /* Calculator_ProUITests.m */,
				A0F290231BBB61A900F4157F /* Info.plist */,
			);
			path = "Calculator ProUITests";
			sourceTree = "<group>";
		};
/* End PBXGroup section */

/* Begin PBXNativeTarget section */
		A0F28FF51BBB61A900F4157F /* Calculator Pro */ = {
			isa = PBXNativeTarget;
			buildConfigurationList = A0F290261BBB61A900F4157F /* Build configuration list for PBXNativeTarget "Calculator Pro" */;
			buildPhases = (
				A0F28FF21BBB61A900F4157F /* Sources */,
				A0F28FF31BBB61A900F4157F /* Frameworks */,
				A0F28FF41BBB61A900F4157F /* Resources */,
			);
			buildRules = (
			);
			dependencies = (
			);
			name = "Calculator Pro";
			productName = "Calculator Pro";
			productReference = A0F28FF61BBB61A900F4157F /* Calculator Pro.app */;
			productType = "com.apple.product-type.application";
		};
		A0F290111BBB61A900F4157F /* Calculator ProTests */ = {
			isa = PBXNativeTarget;
			buildConfigurationList = A0F290291BBB61A900F4157F /* Build configuration list for PBXNativeTarget "Calculator ProTests" */;
			buildPhases = (
				A0F2900E1BBB61A900F4157F /* Sources */,
				A0F2900F1BBB61A900F4157F /* Frameworks */,
				A0F290101BBB61A900F4157F /* Resources */,
			);
			buildRules = (
			);
			dependencies = (
				A0F290141BBB61A900F4157F /* PBXTargetDependency */,
			);
			name = "Calculator ProTests";
			productName = "Calculator ProTests";
			productReference = A0F290121BBB61A900F4157F /* Calculator ProTests.xctest */;
			productType = "com.apple.product-type.bundle.unit-test";
		};
		A0F2901C1BBB61A900F4157F /* Calculator ProUITests */ = {
			isa = PBXNativeTarget;
			buildConfigurationList = A0F2902C1BBB61A900F4157F /* Build configuration list for PBXNativeTarget "Calculator ProUITests" */;
			buildPhases = (
				A0F290191BBB61A900F4157F /* Sources */,
				A0F2901A1BBB61A900F4157F /* Frameworks */,
				A0F2901B1BBB61A900F4157F /* Resources */,
			);
			buildRules = (
			);
			dependencies = (
				A0F2901F1BBB61A900F4157F /* PBXTargetDependency */,
			);
			name = "Calculator ProUITests";
			productName = "Calculator ProUITests";
			productReference = A0F2901D1BBB61A900F4157F /* Calculator ProUITests.xctest */;
			productType = "com.apple.product-type.bundle.ui-testing";
		};
/* End PBXNativeTarget section */

/* Begin PBXProject section */
		A0F28FEE1BBB61A900F4157F /* Project object */ = {
			isa = PBXProject;
			attributes = {
				LastSwiftUpdateCheck = 0700;
				LastUpgradeCheck = 0700;
				ORGANIZATIONNAME = "Lucas Popp";
				TargetAttributes = {
					A0F28FF51BBB61A900F4157F = {
						CreatedOnToolsVersion = 7.0;
					};
					A0F290111BBB61A900F4157F = {
						CreatedOnToolsVersion = 7.0;
						TestTargetID = A0F28FF51BBB61A900F4157F;
					};
					A0F2901C1BBB61A900F4157F = {
						CreatedOnToolsVersion = 7.0;
						TestTargetID = A0F28FF51BBB61A900F4157F;
					};
				};
			};
			buildConfigurationList = A0F28FF11BBB61A900F4157F /* Build configuration list for PBXProject "Calculator Pro" */;
			compatibilityVersion = "Xcode 3.2";
			developmentRegion = English;
			hasScannedForEncodings = 0;
			knownRegions = (
				en,
				Base,
			);
			mainGroup = A0F28FED1BBB61A900F4157F;
			productRefGroup = A0F28FF71BBB61A900F4157F /* Products */;
			projectDirPath = "";
			projectRoot = "";
			targets = (
				A0F28FF51BBB61A900F4157F /* Calculator Pro */,
				A0F290111BBB61A900F4157F /* Calculator ProTests */,
				A0F2901C1BBB61A900F4157F /* Calculator ProUITests */,
			);
		};
/* End PBXProject section */

/* Begin PBXResourcesBuildPhase section */
		A0F28FF41BBB61A900F4157F /* Resources */ = {
			isa = PBXResourcesBuildPhase;
			buildActionMask = 2147483647;
			files = (
				A0F2900C1BBB61A900F4157F /* LaunchScreen.storyboard in Resources */,
				A0F290091BBB61A900F4157F /* Assets.xcassets in Resources */,
				A0F290041BBB61A900F4157F /* Main.storyboard in Resources */,
			);
			runOnlyForDeploymentPostprocessing = 0;
		};
		A0F290101BBB61A900F4157F /* Resources */ = {
			isa = PBXResourcesBuildPhase;
			buildActionMask = 2147483647;
			files = (
			);
			runOnlyForDeploymentPostprocessing = 0;
		};
		A0F2901B1BBB61A900F4157F /* Resources */ = {
			isa = PBXResourcesBuildPhase;
			buildActionMask = 2147483647;
			files = (
			);
			runOnlyForDeploymentPostprocessing = 0;
		};
/* End PBXResourcesBuildPhase section */

/* Begin PBXSourcesBuildPhase section */
		A0F28FF21BBB61A900F4157F /* Sources */ = {
			isa = PBXSourcesBuildPhase;
			buildActionMask = 2147483647;
			files = (
				A0DA2F7F1C0BAC100000903F /* SettingsTableViewController.m in Sources */,
				A0713B641BDAAECA00EE456A /* GraphingView.m in Sources */,
				A01A242B1BE174C600B20A17 /* AppearanceView.m in Sources */,
				A0A1C77E1CA9D3EC006A3C5A /* WindowManager.m in Sources */,
				A0713B671BDADB1200EE456A /* ColorSwatch.m in Sources */,
				A0F290011BBB61A900F4157F /* ViewController.m in Sources */,
				A0F290311BBB631E00F4157F /* CalculatorButton.m in Sources */,
				A0F290071BBB61A900F4157F /* Calculator_Pro.xcdatamodeld in Sources */,
				A0AA4BA01BDB605F00D199BC /* ConstantsTableViewController.m in Sources */,
				A0F28FFE1BBB61A900F4157F /* AppDelegate.m in Sources */,
				A0DA2F851C0BB4230000903F /* AboutViewController.m in Sources */,
				A0E1810A1BDAEB380073599B /* LinePreview.m in Sources */,
				A0A1C7851CA9D45A006A3C5A /* FunctionBounds.m in Sources */,
				A01C90431BD0CCEB003B8204 /* CustomTextField.m in Sources */,
				A0A1C7881CA9D51C006A3C5A /* PolarBounds.m in Sources */,
				A0E509311BD1D7A4005E1314 /* Calculator.m in Sources */,
				A0F28FFB1BBB61A900F4157F /* main.m in Sources */,
				A01C90401BD0C5D2003B8204 /* CalculatorLine.m in Sources */,
				A01A24281BE171F900B20A17 /* ModeView.m in Sources */,
				A08258231BD2B4DE00B05C8C /* CalculatorAlertView.m in Sources */,
			);
			runOnlyForDeploymentPostprocessing = 0;
		};
		A0F2900E1BBB61A900F4157F /* Sources */ = {
			isa = PBXSourcesBuildPhase;
			buildActionMask = 2147483647;
			files = (
				A0F290171BBB61A900F4157F /* Calculator_ProTests.m in Sources */,
			);
			runOnlyForDeploymentPostprocessing = 0;
		};
		A0F290191BBB61A900F4157F /* Sources */ = {
			isa = PBXSourcesBuildPhase;
			buildActionMask = 2147483647;
			files = (
				A0F290221BBB61A900F4157F /* Calculator_ProUITests.m in Sources */,
			);
			runOnlyForDeploymentPostprocessing = 0;
		};
/* End PBXSourcesBuildPhase section */

/* Begin PBXTargetDependency section */
		A0F290141BBB61A900F4157F /* PBXTargetDependency */ = {
			isa = PBXTargetDependency;
			target = A0F28FF51BBB61A900F4157F /* Calculator Pro */;
			targetProxy = A0F290131BBB61A900F4157F /* PBXContainerItemProxy */;
		};
		A0F2901F1BBB61A900F4157F /* PBXTargetDependency */ = {
			isa = PBXTargetDependency;
			target = A0F28FF51BBB61A900F4157F /* Calculator Pro */;
			targetProxy = A0F2901E1BBB61A900F4157F /* PBXContainerItemProxy */;
		};
/* End PBXTargetDependency section */

/* Begin PBXVariantGroup section */
		A0F290021BBB61A900F4157F /* Main.storyboard */ = {
			isa = PBXVariantGroup;
			children = (
				A0F290031BBB61A900F4157F /* Base */,
			);
			name = Main.storyboard;
			sourceTree = "<group>";
		};
		A0F2900A1BBB61A900F4157F /* LaunchScreen.storyboard */ = {
			isa = PBXVariantGroup;
			children = (
				A0F2900B1BBB61A900F4157F /* Base */,
			);
			name = LaunchScreen.storyboard;
			sourceTree = "<group>";
		};
/* End PBXVariantGroup section */

/* Begin XCBuildConfiguration section */
		A0F290241BBB61A900F4157F /* Debug */ = {
			isa = XCBuildConfiguration;
			buildSettings = {
				ALWAYS_SEARCH_USER_PATHS = NO;
				CLANG_CXX_LANGUAGE_STANDARD = "gnu++0x";
				CLANG_CXX_LIBRARY = "libc++";
				CLANG_ENABLE_MODULES = YES;
				CLANG_ENABLE_OBJC_ARC = YES;
				CLANG_WARN_BOOL_CONVERSION = YES;
				CLANG_WARN_CONSTANT_CONVERSION = YES;
				CLANG_WARN_DIRECT_OBJC_ISA_USAGE = YES_ERROR;
				CLANG_WARN_EMPTY_BODY = YES;
				CLANG_WARN_ENUM_CONVERSION = YES;
				CLANG_WARN_INT_CONVERSION = YES;
				CLANG_WARN_OBJC_ROOT_CLASS = YES_ERROR;
				CLANG_WARN_UNREACHABLE_CODE = YES;
				CLANG_WARN__DUPLICATE_METHOD_MATCH = YES;
				"CODE_SIGN_IDENTITY[sdk=iphoneos*]" = "iPhone Developer";
				COPY_PHASE_STRIP = NO;
				DEBUG_INFORMATION_FORMAT = dwarf;
				ENABLE_STRICT_OBJC_MSGSEND = YES;
				ENABLE_TESTABILITY = YES;
				GCC_C_LANGUAGE_STANDARD = gnu99;
				GCC_DYNAMIC_NO_PIC = NO;
				GCC_NO_COMMON_BLOCKS = YES;
				GCC_OPTIMIZATION_LEVEL = 0;
				GCC_PREPROCESSOR_DEFINITIONS = (
					"DEBUG=1",
					"$(inherited)",
				);
				GCC_WARN_64_TO_32_BIT_CONVERSION = YES;
				GCC_WARN_ABOUT_RETURN_TYPE = YES_ERROR;
				GCC_WARN_UNDECLARED_SELECTOR = YES;
				GCC_WARN_UNINITIALIZED_AUTOS = YES_AGGRESSIVE;
				GCC_WARN_UNUSED_FUNCTION = YES;
				GCC_WARN_UNUSED_VARIABLE = YES;
				IPHONEOS_DEPLOYMENT_TARGET = 9.0;
				MTL_ENABLE_DEBUG_INFO = YES;
				ONLY_ACTIVE_ARCH = YES;
				SDKROOT = iphoneos;
			};
			name = Debug;
		};
		A0F290251BBB61A900F4157F /* Release */ = {
			isa = XCBuildConfiguration;
			buildSettings = {
				ALWAYS_SEARCH_USER_PATHS = NO;
				CLANG_CXX_LANGUAGE_STANDARD = "gnu++0x";
				CLANG_CXX_LIBRARY = "libc++";
				CLANG_ENABLE_MODULES = YES;
				CLANG_ENABLE_OBJC_ARC = YES;
				CLANG_WARN_BOOL_CONVERSION = YES;
				CLANG_WARN_CONSTANT_CONVERSION = YES;
				CLANG_WARN_DIRECT_OBJC_ISA_USAGE = YES_ERROR;
				CLANG_WARN_EMPTY_BODY = YES;
				CLANG_WARN_ENUM_CONVERSION = YES;
				CLANG_WARN_INT_CONVERSION = YES;
				CLANG_WARN_OBJC_ROOT_CLASS = YES_ERROR;
				CLANG_WARN_UNREACHABLE_CODE = YES;
				CLANG_WARN__DUPLICATE_METHOD_MATCH = YES;
				"CODE_SIGN_IDENTITY[sdk=iphoneos*]" = "iPhone Developer";
				COPY_PHASE_STRIP = NO;
				DEBUG_INFORMATION_FORMAT = "dwarf-with-dsym";
				ENABLE_NS_ASSERTIONS = NO;
				ENABLE_STRICT_OBJC_MSGSEND = YES;
				GCC_C_LANGUAGE_STANDARD = gnu99;
				GCC_NO_COMMON_BLOCKS = YES;
				GCC_WARN_64_TO_32_BIT_CONVERSION = YES;
				GCC_WARN_ABOUT_RETURN_TYPE = YES_ERROR;
				GCC_WARN_UNDECLARED_SELECTOR = YES;
				GCC_WARN_UNINITIALIZED_AUTOS = YES_AGGRESSIVE;
				GCC_WARN_UNUSED_FUNCTION = YES;
				GCC_WARN_UNUSED_VARIABLE = YES;
				IPHONEOS_DEPLOYMENT_TARGET = 9.0;
				MTL_ENABLE_DEBUG_INFO = NO;
				SDKROOT = iphoneos;
				VALIDATE_PRODUCT = YES;
			};
			name = Release;
		};
		A0F290271BBB61A900F4157F /* Debug */ = {
			isa = XCBuildConfiguration;
			buildSettings = {
				ASSETCATALOG_COMPILER_APPICON_NAME = AppIcon;
				CLANG_ENABLE_MODULES = YES;
				INFOPLIST_FILE = "Calculator Pro/Info.plist";
				LD_RUNPATH_SEARCH_PATHS = "$(inherited) @executable_path/Frameworks";
				PRODUCT_BUNDLE_IDENTIFIER = "com.ppopsacul.Calculator-Pro";
				PRODUCT_NAME = "$(TARGET_NAME)";
				SWIFT_OBJC_BRIDGING_HEADER = "Calculator Pro/Calculator Pro-Bridging-Header.h";
				SWIFT_OPTIMIZATION_LEVEL = "-Onone";
			};
			name = Debug;
		};
		A0F290281BBB61A900F4157F /* Release */ = {
			isa = XCBuildConfiguration;
			buildSettings = {
				ASSETCATALOG_COMPILER_APPICON_NAME = AppIcon;
				CLANG_ENABLE_MODULES = YES;
				INFOPLIST_FILE = "Calculator Pro/Info.plist";
				LD_RUNPATH_SEARCH_PATHS = "$(inherited) @executable_path/Frameworks";
				PRODUCT_BUNDLE_IDENTIFIER = "com.ppopsacul.Calculator-Pro";
				PRODUCT_NAME = "$(TARGET_NAME)";
				SWIFT_OBJC_BRIDGING_HEADER = "Calculator Pro/Calculator Pro-Bridging-Header.h";
			};
			name = Release;
		};
		A0F2902A1BBB61A900F4157F /* Debug */ = {
			isa = XCBuildConfiguration;
			buildSettings = {
				BUNDLE_LOADER = "$(TEST_HOST)";
				INFOPLIST_FILE = "Calculator ProTests/Info.plist";
				LD_RUNPATH_SEARCH_PATHS = "$(inherited) @executable_path/Frameworks @loader_path/Frameworks";
				PRODUCT_BUNDLE_IDENTIFIER = "com.ppopsacul.Calculator-ProTests";
				PRODUCT_NAME = "$(TARGET_NAME)";
				TEST_HOST = "$(BUILT_PRODUCTS_DIR)/Calculator Pro.app/Calculator Pro";
			};
			name = Debug;
		};
		A0F2902B1BBB61A900F4157F /* Release */ = {
			isa = XCBuildConfiguration;
			buildSettings = {
				BUNDLE_LOADER = "$(TEST_HOST)";
				INFOPLIST_FILE = "Calculator ProTests/Info.plist";
				LD_RUNPATH_SEARCH_PATHS = "$(inherited) @executable_path/Frameworks @loader_path/Frameworks";
				PRODUCT_BUNDLE_IDENTIFIER = "com.ppopsacul.Calculator-ProTests";
				PRODUCT_NAME = "$(TARGET_NAME)";
				TEST_HOST = "$(BUILT_PRODUCTS_DIR)/Calculator Pro.app/Calculator Pro";
			};
			name = Release;
		};
		A0F2902D1BBB61A900F4157F /* Debug */ = {
			isa = XCBuildConfiguration;
			buildSettings = {
				INFOPLIST_FILE = "Calculator ProUITests/Info.plist";
				LD_RUNPATH_SEARCH_PATHS = "$(inherited) @executable_path/Frameworks @loader_path/Frameworks";
				PRODUCT_BUNDLE_IDENTIFIER = "com.ppopsacul.Calculator-ProUITests";
				PRODUCT_NAME = "$(TARGET_NAME)";
				TEST_TARGET_NAME = "Calculator Pro";
				USES_XCTRUNNER = YES;
			};
			name = Debug;
		};
		A0F2902E1BBB61A900F4157F /* Release */ = {
			isa = XCBuildConfiguration;
			buildSettings = {
				INFOPLIST_FILE = "Calculator ProUITests/Info.plist";
				LD_RUNPATH_SEARCH_PATHS = "$(inherited) @executable_path/Frameworks @loader_path/Frameworks";
				PRODUCT_BUNDLE_IDENTIFIER = "com.ppopsacul.Calculator-ProUITests";
				PRODUCT_NAME = "$(TARGET_NAME)";
				TEST_TARGET_NAME = "Calculator Pro";
				USES_XCTRUNNER = YES;
			};
			name = Release;
		};
/* End XCBuildConfiguration section */

/* Begin XCConfigurationList section */
		A0F28FF11BBB61A900F4157F /* Build configuration list for PBXProject "Calculator Pro" */ = {
			isa = XCConfigurationList;
			buildConfigurations = (
				A0F290241BBB61A900F4157F /* Debug */,
				A0F290251BBB61A900F4157F /* Release */,
			);
			defaultConfigurationIsVisible = 0;
			defaultConfigurationName = Release;
		};
		A0F290261BBB61A900F4157F /* Build configuration list for PBXNativeTarget "Calculator Pro" */ = {
			isa = XCConfigurationList;
			buildConfigurations = (
				A0F290271BBB61A900F4157F /* Debug */,
				A0F290281BBB61A900F4157F /* Release */,
			);
			defaultConfigurationIsVisible = 0;
			defaultConfigurationName = Release;
		};
		A0F290291BBB61A900F4157F /* Build configuration list for PBXNativeTarget "Calculator ProTests" */ = {
			isa = XCConfigurationList;
			buildConfigurations = (
				A0F2902A1BBB61A900F4157F /* Debug */,
				A0F2902B1BBB61A900F4157F /* Release */,
			);
			defaultConfigurationIsVisible = 0;
			defaultConfigurationName = Release;
		};
		A0F2902C1BBB61A900F4157F /* Build configuration list for PBXNativeTarget "Calculator ProUITests" */ = {
			isa = XCConfigurationList;
			buildConfigurations = (
				A0F2902D1BBB61A900F4157F /* Debug */,
				A0F2902E1BBB61A900F4157F /* Release */,
			);
			defaultConfigurationIsVisible = 0;
			defaultConfigurationName = Release;
		};
/* End XCConfigurationList section */

/* Begin XCVersionGroup section */
		A0F290051BBB61A900F4157F /* Calculator_Pro.xcdatamodeld */ = {
			isa = XCVersionGroup;
			children = (
				A0F290061BBB61A900F4157F /* Calculator_Pro.xcdatamodel */,
			);
			currentVersion = A0F290061BBB61A900F4157F /* Calculator_Pro.xcdatamodel */;
			path = Calculator_Pro.xcdatamodeld;
			sourceTree = "<group>";
			versionGroupType = wrapper.xcdatamodel;
		};
/* End XCVersionGroup section */
	};
	rootObject = A0F28FEE1BBB61A900F4157F /* Project object */;
}
